
Microsoft Visual Studio Solution File, Format Version 12.00
# Visual Studio Version 17
VisualStudioVersion = 17.3.32901.215
MinimumVisualStudioVersion = 10.0.40219.1
Project("{FAE04EC0-301F-11D3-BF4B-00C04F79EFBC}") = "ResurrectEnemyMechanoids", "ResurrectEnemyMechanoids.csproj", "{2C7685F5-E8B1-4A43-8C97-13A962130E2D}"
EndProject
Global
	GlobalSection(SolutionConfigurationPlatforms) = preSolution
		Debug|Any CPU = Debug|Any CPU
		Release|Any CPU = Release|Any CPU
	EndGlobalSection
	GlobalSection(ProjectConfigurationPlatforms) = postSolution
		{2C7685F5-E8B1-4A43-8C97-13A962130E2D}.Debug|Any CPU.ActiveCfg = Debug|Any CPU
		{2C7685F5-E8B1-4A43-8C97-13A962130E2D}.Debug|Any CPU.Build.0 = Debug|Any CPU
		{2C7685F5-E8B1-4A43-8C97-13A962130E2D}.Release|Any CPU.ActiveCfg = Release|Any CPU
		{2C7685F5-E8B1-4A43-8C97-13A962130E2D}.Release|Any CPU.Build.0 = Release|Any CPU
	EndGlobalSection
	GlobalSection(SolutionProperties) = preSolution
		HideSolutionNode = FALSE
	EndGlobalSection
	GlobalSection(ExtensibilityGlobals) = postSolution
		SolutionGuid = {BA33DB48-2F96-4464-9307-33C66EAF530B}
	EndGlobalSection
EndGlobal
