
Microsoft Visual Studio Solution File, Format Version 12.00
# Visual Studio Version 17
VisualStudioVersion = 17.3.32901.215
MinimumVisualStudioVersion = 10.0.40219.1
Project("{9A19103F-16F7-4668-BE54-9A1E7A4F7556}") = "ResurrectEnemyMechanoids", "ResurrectEnemyMechanoids.csproj", "{2C7685F5-E8B1-4A43-8C97-13A962130E2D}"
EndProject
Global
	GlobalSection(SolutionConfigurationPlatforms) = preSolution
		Debug|Any CPU = Debug|Any CPU
		Debug|x64 = Debug|x64
		Release|Any CPU = Release|Any CPU
		Release|x64 = Release|x64
	EndGlobalSection
	GlobalSection(ProjectConfigurationPlatforms) = postSolution
		{2C7685F5-E8B1-4A43-8C97-13A962130E2D}.Debug|Any CPU.ActiveCfg = Debug|Any CPU
		{2C7685F5-E8B1-4A43-8C97-13A962130E2D}.Debug|Any CPU.Build.0 = Debug|Any CPU
		{2C7685F5-E8B1-4A43-8C97-13A962130E2D}.Debug|x64.ActiveCfg = Debug|Any CPU
		{2C7685F5-E8B1-4A43-8C97-13A962130E2D}.Debug|x64.Build.0 = Debug|Any CPU
		{2C7685F5-E8B1-4A43-8C97-13A962130E2D}.Release|Any CPU.ActiveCfg = Release|Any CPU
		{2C7685F5-E8B1-4A43-8C97-13A962130E2D}.Release|Any CPU.Build.0 = Release|Any CPU
		{2C7685F5-E8B1-4A43-8C97-13A962130E2D}.Release|x64.ActiveCfg = Release|Any CPU
		{2C7685F5-E8B1-4A43-8C97-13A962130E2D}.Release|x64.Build.0 = Release|Any CPU
	EndGlobalSection
	GlobalSection(SolutionProperties) = preSolution
		HideSolutionNode = FALSE
	EndGlobalSection
	GlobalSection(ExtensibilityGlobals) = postSolution
		SolutionGuid = {BA33DB48-2F96-4464-9307-33C66EAF530B}
	EndGlobalSection
EndGlobal
